
Microsoft Visual Studio Solution File, Format Version 12.00
# Visual Studio 15
VisualStudioVersion = 15.0.27004.2009
MinimumVisualStudioVersion = 10.0.40219.1
Project("{9092AA53-FB77-4645-B42D-1CCCA6BD08BD}") = "key", "key\key.njsproj", "{1CE3D179-0C51-4386-A294-B2ADA92A75EF}"
EndProject
Global
	GlobalSection(SolutionConfigurationPlatforms) = preSolution
		Debug|Any CPU = Debug|Any CPU
		Release|Any CPU = Release|Any CPU
	EndGlobalSection
	GlobalSection(ProjectConfigurationPlatforms) = postSolution
		{1CE3D179-0C51-4386-A294-B2ADA92A75EF}.Debug|Any CPU.ActiveCfg = Debug|Any CPU
		{1CE3D179-0C51-4386-A294-B2ADA92A75EF}.Debug|Any CPU.Build.0 = Debug|Any CPU
		{1CE3D179-0C51-4386-A294-B2ADA92A75EF}.Release|Any CPU.ActiveCfg = Release|Any CPU
		{1CE3D179-0C51-4386-A294-B2ADA92A75EF}.Release|Any CPU.Build.0 = Release|Any CPU
	EndGlobalSection
	GlobalSection(SolutionProperties) = preSolution
		HideSolutionNode = FALSE
	EndGlobalSection
	GlobalSection(ExtensibilityGlobals) = postSolution
		SolutionGuid = {869853FA-D88E-4F4C-8639-906B919C9917}
	EndGlobalSection
EndGlobal
