{
  "name": "btc",
  "version": "1.0.0",
  "lockfileVersion": 1,
  "requires": true,
  "dependencies": {
    "bitcoind-rpc": {
      "version": "0.7.1",
      "resolved": "https://registry.npmjs.org/bitcoind-rpc/-/bitcoind-rpc-0.7.1.tgz",
      "integrity": "sha512-5ARGc6SPEjM3NKy69Itjn+utuubz/DrgcZlr5WEEUvaVP7wp/dGm/ldPdDtsKXkFCnRuFcREuU2qvlXjyWRblQ=="
    }
  }
}
